{
  "version": "5",
  "specifiers": {
    "jsr:@cliffy/ansi@1": "1.0.0",
    "jsr:@cliffy/internal@1.0.0": "1.0.0",
    "jsr:@cliffy/keycode@1.0.0": "1.0.0",
    "jsr:@cliffy/keypress@1": "1.0.0",
    "jsr:@cross/deepmerge@1": "1.0.0",
    "jsr:@cross/dir@^1.1.0": "1.1.0",
    "jsr:@cross/env@1": "1.0.3",
    "jsr:@cross/env@^1.0.2": "1.0.3",
    "jsr:@cross/fs@^0.0.8": "0.0.8",
    "jsr:@cross/fs@^0.0.9": "0.0.9",
    "jsr:@cross/runtime@1": "1.2.1",
    "jsr:@cross/service@*": "1.0.7",
    "jsr:@cross/service@^1.0.7": "1.0.7",
    "jsr:@cross/utils@0.10": "0.10.0",
    "jsr:@cross/utils@0.11": "0.11.0",
    "jsr:@cross/utils@0.7": "0.7.1",
    "jsr:@cross/utils@0.9": "0.9.4",
    "jsr:@std/assert@0.221": "0.221.0",
    "jsr:@std/assert@1.0.19": "1.0.19",
    "jsr:@std/collections@^1.1.3": "1.1.6",
    "jsr:@std/encoding@^1.0.10": "1.0.10",
    "jsr:@std/fmt@^1.0.9": "1.0.9",
    "jsr:@std/internal@^1.0.12": "1.0.12",
    "jsr:@std/io@~0.225.3": "0.225.3",
    "jsr:@std/path@0.221": "0.221.0",
    "jsr:@std/path@^1.1.4": "1.1.4",
    "jsr:@std/toml@^1.0.11": "1.0.11",
    "jsr:@std/yaml@^1.0.12": "1.0.12",
    "npm:figlet@*": "1.11.0"
  },
  "jsr": {
    "@cliffy/ansi@1.0.0": {
      "integrity": "987008f74e50aa72cc1517ffccc769711734a14927bc4599e052efe1b9a840e2",
      "dependencies": [
        "jsr:@cliffy/internal",
        "jsr:@std/encoding",
        "jsr:@std/fmt",
        "jsr:@std/io"
      ]
    },
    "@cliffy/internal@1.0.0": {
      "integrity": "1e17ccbcd5420093c0a93e5b3827bbdc9abac5195bacf187edc44665e54bdde6"
    },
    "@cliffy/keycode@1.0.0": {
      "integrity": "755dbf007be110dcb5625f87eb61b362b6a0ca6835453af03ebd3b34d399cf14"
    },
    "@cliffy/keypress@1.0.0": {
      "integrity": "dd2e33484bea5fedf9bad5ed4aa0248a53373427d70cb94de4aad3052f948cea",
      "dependencies": [
        "jsr:@cliffy/internal",
        "jsr:@cliffy/keycode"
      ]
    },
    "@cross/deepmerge@1.0.0": {
      "integrity": "1e1318a74e31ba1959b9aa0acae8bd417b806f74ffd25ac07c90e12f83ad6b1d"
    },
    "@cross/dir@1.1.0": {
      "integrity": "41eb779daf160f53bc33ef91f593f332fffc52ec9b81f87178db564718534e59",
      "dependencies": [
        "jsr:@cross/env@1",
        "jsr:@cross/runtime",
        "jsr:@cross/utils@0.7"
      ]
    },
    "@cross/env@1.0.3": {
      "integrity": "218d2dd68bec55cf047d1670a8bddc304b9c011a8ad22e647afa916bb796c8b4",
      "dependencies": [
        "jsr:@cross/deepmerge",
        "jsr:@cross/runtime"
      ]
    },
    "@cross/fs@0.0.8": {
      "integrity": "1306ba58c498d756e2e012b9a60828ae45631d3999174444c3c189afc2a706a5",
      "dependencies": [
        "jsr:@cross/env@1",
        "jsr:@cross/runtime",
        "jsr:@cross/utils@0.9",
        "jsr:@std/path@0.221"
      ]
    },
    "@cross/fs@0.0.9": {
      "integrity": "29d1c0999877c2a92d507e21d4eafb971d23c2e5d7d5393cc2db0eeeffeff3f6",
      "dependencies": [
        "jsr:@cross/dir",
        "jsr:@cross/env@1",
        "jsr:@cross/runtime",
        "jsr:@cross/utils@0.10",
        "jsr:@std/path@0.221"
      ]
    },
    "@cross/runtime@1.2.1": {
      "integrity": "f462fcf2fd678f9073291b4e55209b90f58c8d508764a84205d178abdcf22fc9"
    },
    "@cross/service@1.0.7": {
      "integrity": "1f23ade47e5d8d188a98ecf71f7c97e8f5498d80ad1269d7c1a1e20cef5b6085",
      "dependencies": [
        "jsr:@cross/env@^1.0.2",
        "jsr:@cross/fs@^0.0.9",
        "jsr:@cross/runtime",
        "jsr:@cross/utils@0.11",
        "jsr:@std/path@0.221"
      ]
    },
    "@cross/utils@0.7.1": {
      "integrity": "6cc50ad31b0904364188c43d10e3d4888d817a3d415528b014c27deb8a35564e",
      "dependencies": [
        "jsr:@cross/runtime"
      ]
    },
    "@cross/utils@0.9.4": {
      "integrity": "f097efb177428c78197d97499160467b00b780d11405fc7fd429a6ad74a84192",
      "dependencies": [
        "jsr:@cross/runtime"
      ]
    },
    "@cross/utils@0.10.0": {
      "integrity": "476c980309a5df9a86bc205a118647612c614345cbd1373f3018fdbfa6474efd",
      "dependencies": [
        "jsr:@cross/runtime"
      ]
    },
    "@cross/utils@0.11.0": {
      "integrity": "400632a6acfbaf47aca3cd080e4eb82867974ed33523558257710b70fb88e5fe",
      "dependencies": [
        "jsr:@cross/fs@^0.0.8",
        "jsr:@cross/runtime"
      ]
    },
    "@std/assert@0.221.0": {
      "integrity": "a5f1aa6e7909dbea271754fd4ab3f4e687aeff4873b4cef9a320af813adb489a"
    },
    "@std/assert@1.0.19": {
      "integrity": "eaada96ee120cb980bc47e040f82814d786fe8162ecc53c91d8df60b8755991e",
      "dependencies": [
        "jsr:@std/internal"
      ]
    },
    "@std/collections@1.1.3": {
      "integrity": "bf8b0818886df6a32b64c7d3b037a425111f28278d69fd0995aeb62777c986b0"
    },
    "@std/collections@1.1.6": {
      "integrity": "b458160ce65ea5ad35da05d0a5cbee4b583677c8b443a10d7beb0c4ac63f2baa"
    },
    "@std/encoding@1.0.10": {
      "integrity": "8783c6384a2d13abd5e9e87a7ae0520a30e9f56aeeaa3bdf910a3eaaf5c811a1"
    },
    "@std/fmt@1.0.9": {
      "integrity": "2487343e8899fb2be5d0e3d35013e54477ada198854e52dd05ed0422eddcabe0"
    },
    "@std/internal@1.0.12": {
      "integrity": "972a634fd5bc34b242024402972cd5143eac68d8dffaca5eaa4dba30ce17b027"
    },
    "@std/io@0.225.3": {
      "integrity": "27b07b591384d12d7b568f39e61dff966b8230559122df1e9fd11cc068f7ddd1"
    },
    "@std/path@0.221.0": {
      "integrity": "0a36f6b17314ef653a3a1649740cc8db51b25a133ecfe838f20b79a56ebe0095",
      "dependencies": [
        "jsr:@std/assert@0.221"
      ]
    },
    "@std/path@1.1.4": {
      "integrity": "1d2d43f39efb1b42f0b1882a25486647cb851481862dc7313390b2bb044314b5",
      "dependencies": [
        "jsr:@std/internal"
      ]
    },
    "@std/toml@1.0.11": {
      "integrity": "e084988b872ca4bad6aedfb7350f6eeed0e8ba88e9ee5e1590621c5b5bb8f715",
      "dependencies": [
        "jsr:@std/collections"
      ]
    },
    "@std/yaml@1.0.12": {
      "integrity": "7deabca4545bcedd07c5f69ea53acea71b8b4c67562f224e17b90d75944cb20c"
    }
  },
  "npm": {
    "commander@14.0.3": {
      "integrity": "sha512-H+y0Jo/T1RZ9qPP4Eh1pkcQcLRglraJaSLoyOtHxu6AapkjWVCy2Sit1QQ4x3Dng8qDlSsZEet7g5Pq06MvTgw=="
    },
    "figlet@1.11.0": {
      "integrity": "sha512-EEx3OS/l2bFqcUNN2NM9FPJp8vAMrgbCxsbl2hbcJNNxOEwVe3mEzrhan7TbJQViZa8mMqhihlbCaqD+LyYKTQ==",
      "dependencies": [
        "commander"
      ],
      "bin": true
    }
  },
  "remote": {
    "https://deno.land/std@0.208.0/assert/assert.ts": "9a97dad6d98c238938e7540736b826440ad8c1c1e54430ca4c4e623e585607ee",
    "https://deno.land/std@0.208.0/assert/assertion_error.ts": "4d0bde9b374dfbcbe8ac23f54f567b77024fb67dbb1906a852d67fe050d42f56",
    "https://deno.land/std@0.208.0/cli/parse_args.ts": "9bea02050b3f302e706871ff87ecfa3ad82cc34249adbe0dcddfaac75bdb48ff",
    "https://deno.land/std@0.208.0/flags/mod.ts": "567a34800a33e701942cb1726dd7e627a76e4681c33ce7346ac85cf90f691a8e"
  },
  "workspace": {
    "dependencies": [
      "jsr:@cliffy/ansi@1",
      "jsr:@cliffy/keypress@1",
      "jsr:@cross/service@^1.0.7",
      "jsr:@std/assert@1.0.19",
      "jsr:@std/fmt@^1.0.9",
      "jsr:@std/path@^1.1.4",
      "jsr:@std/toml@^1.0.11",
      "jsr:@std/yaml@^1.0.12"
    ],
    "members": {
      "cli": {
        "dependencies": [
          "jsr:@cliffy/ansi@1",
          "jsr:@cliffy/keypress@1",
          "jsr:@std/assert@1.0.19",
          "jsr:@std/fmt@^1.0.9",
          "jsr:@std/path@^1.1.4"
        ]
      },
      "gateway": {
        "dependencies": [
          "jsr:@cliffy/ansi@1",
          "jsr:@cross/service@^1.0.7",
          "jsr:@std/assert@1.0.19",
          "jsr:@std/fmt@^1.0.9",
          "jsr:@std/path@^1.1.4",
          "jsr:@std/toml@^1.0.11",
          "jsr:@std/yaml@^1.0.12"
        ]
      },
      "providers": {
        "dependencies": [
          "jsr:@std/assert@1.0.19",
          "jsr:@std/fmt@^1.0.9",
          "jsr:@std/path@^1.1.4"
        ]
      }
    }
  }
}
